<?xml version="1.0" encoding="utf-8"?>
<Project ToolsVersion="4.0" xmlns="http://schemas.microsoft.com/developer/msbuild/2003">
  <ItemGroup>
    <Filter Include="Source Files">
      <UniqueIdentifier>{4FC737F1-C7A5-4376-A066-2A32D752A2FF}</UniqueIdentifier>
      <Extensions>cpp;c;cc;cxx;def;odl;idl;hpj;bat;asm;asmx</Extensions>
    </Filter>
    <Filter Include="Header Files">
      <UniqueIdentifier>{93995380-89BD-4b04-88EB-625FBE52EBFB}</UniqueIdentifier>
      <Extensions>h;hpp;hxx;hm;inl;inc;xsd</Extensions>
    </Filter>
    <Filter Include="Resource Files">
      <UniqueIdentifier>{67DA6AB6-F800-4c08-8B7A-83BB121AAD01}</UniqueIdentifier>
      <Extensions>rc;ico;cur;bmp;dlg;rc2;rct;bin;rgs;gif;jpg;jpeg;jpe;resx;tiff;tif;png;wav;mfcribbon-ms</Extensions>
    </Filter>
  </ItemGroup>
  <ItemGroup>
    <None Include="ReadMe.txt" />
    <None Include="app.ico">
      <Filter>Resource Files</Filter>
    </None>
  </ItemGroup>
  <ItemGroup>
    <ClCompile Include="Proyecto1.cpp">
      <Filter>Source Files</Filter>
    </ClCompile>
    <ClCompile Include="AssemblyInfo.cpp">
      <Filter>Source Files</Filter>
    </ClCompile>
    <ClCompile Include="stdafx.cpp">
      <Filter>Source Files</Filter>
    </ClCompile>
    <ClCompile Include="frmCliente.cpp">
      <Filter>Header Files</Filter>
    </ClCompile>
    <ClCompile Include="cliente.cpp">
      <Filter>Source Files</Filter>
    </ClCompile>
    <ClCompile Include="frmProducto.cpp">
      <Filter>Header Files</Filter>
    </ClCompile>
    <ClCompile Include="producto.cpp">
      <Filter>Source Files</Filter>
    </ClCompile>
    <ClCompile Include="frmDetalleVenta.cpp">
      <Filter>Header Files</Filter>
    </ClCompile>
    <ClCompile Include="venta.cpp">
      <Filter>Source Files</Filter>
    </ClCompile>
    <ClCompile Include="detalleventa.cpp">
      <Filter>Source Files</Filter>
    </ClCompile>
    <ClCompile Include="frmBusquedaVenta.cpp">
      <Filter>Header Files</Filter>
    </ClCompile>
  </ItemGroup>
  <ItemGroup>
    <ClInclude Include="stdafx.h">
      <Filter>Header Files</Filter>
    </ClInclude>
    <ClInclude Include="resource.h">
      <Filter>Header Files</Filter>
    </ClInclude>
    <ClInclude Include="frmCliente.h">
      <Filter>Header Files</Filter>
    </ClInclude>
    <ClInclude Include="cliente.h">
      <Filter>Header Files</Filter>
    </ClInclude>
    <ClInclude Include="frmPrincipal.h">
      <Filter>Header Files</Filter>
    </ClInclude>
    <ClInclude Include="frmProducto.h">
      <Filter>Header Files</Filter>
    </ClInclude>
    <ClInclude Include="producto.h">
      <Filter>Header Files</Filter>
    </ClInclude>
    <ClInclude Include="frmDetalleVenta.h">
      <Filter>Header Files</Filter>
    </ClInclude>
    <ClInclude Include="venta.h">
      <Filter>Header Files</Filter>
    </ClInclude>
    <ClInclude Include="detalleventa.h">
      <Filter>Header Files</Filter>
    </ClInclude>
    <ClInclude Include="frmBusquedaVenta.h">
      <Filter>Header Files</Filter>
    </ClInclude>
  </ItemGroup>
  <ItemGroup>
    <ResourceCompile Include="app.rc">
      <Filter>Resource Files</Filter>
    </ResourceCompile>
  </ItemGroup>
  <ItemGroup>
    <EmbeddedResource Include="frmCliente.resx">
      <Filter>Resource Files</Filter>
    </EmbeddedResource>
    <EmbeddedResource Include="frmPrincipal.resX">
      <Filter>Resource Files</Filter>
    </EmbeddedResource>
    <EmbeddedResource Include="frmDetalleVenta.resx">
      <Filter>Resource Files</Filter>
    </EmbeddedResource>
    <EmbeddedResource Include="frmProducto.resx">
      <Filter>Resource Files</Filter>
    </EmbeddedResource>
  </ItemGroup>
</Project>